{
  "name": "create-boost-app",
  "version": "1.0.1",
  "lockfileVersion": 3,
  "requires": true,
  "packages": {
    "": {
      "name": "create-boost-app",
      "version": "1.0.1",
      "license": "MIT",
      "bin": {
        "create-boost-app": "bin/create-boost-app.js",
        "create-boost-store": "bin/create-boost-app.js"
      },
      "engines": {
        "node": ">=18.0.0"
      }
    }
  }
}
